Microsoft Visual Studio Solution File, Format Version 11.00
# Visual Studio 2008

Project("{601B6DE2-66DF-D768-2053-91FE84F3987B}") = "HazelClient", "Assembly-CSharp.csproj", "{09CE5787-6F70-A09F-7395-8272E7F9BFA7}"
EndProject
Project("{601B6DE2-66DF-D768-2053-91FE84F3987B}") = "HazelClient", "Assembly-CSharp-Editor.csproj", "{3E96B7DA-827B-A2DB-B7E5-E27B75F6F64C}"
EndProject
Global
	GlobalSection(SolutionConfigurationPlatforms) = preSolution
		Debug|Any CPU = Debug|Any CPU
		Release|Any CPU = Release|Any CPU
	EndGlobalSection
	GlobalSection(ProjectConfigurationPlatforms) = postSolution
		{09CE5787-6F70-A09F-7395-8272E7F9BFA7}.Debug|Any CPU.ActiveCfg = Debug|Any CPU
		{09CE5787-6F70-A09F-7395-8272E7F9BFA7}.Debug|Any CPU.Build.0 = Debug|Any CPU
		{09CE5787-6F70-A09F-7395-8272E7F9BFA7}.Release|Any CPU.ActiveCfg = Release|Any CPU
		{09CE5787-6F70-A09F-7395-8272E7F9BFA7}.Release|Any CPU.Build.0 = Release|Any CPU
		{3E96B7DA-827B-A2DB-B7E5-E27B75F6F64C}.Debug|Any CPU.ActiveCfg = Debug|Any CPU
		{3E96B7DA-827B-A2DB-B7E5-E27B75F6F64C}.Debug|Any CPU.Build.0 = Debug|Any CPU
		{3E96B7DA-827B-A2DB-B7E5-E27B75F6F64C}.Release|Any CPU.ActiveCfg = Release|Any CPU
		{3E96B7DA-827B-A2DB-B7E5-E27B75F6F64C}.Release|Any CPU.Build.0 = Release|Any CPU
	EndGlobalSection
	GlobalSection(SolutionProperties) = preSolution
		HideSolutionNode = FALSE
	EndGlobalSection
	GlobalSection(MonoDevelopProperties) = preSolution
		StartupItem = Assembly-CSharp.csproj
	EndGlobalSection
EndGlobal
